
Microsoft Visual Studio Solution File, Format Version 12.00
# Visual Studio 14
VisualStudioVersion = 14.0.23107.0
MinimumVisualStudioVersion = 10.0.40219.1
Project("{FAE04EC0-301F-11D3-BF4B-00C04F79EFBC}") = "AdventurePlanner.Domain", "AdventurePlanner.Domain\AdventurePlanner.Domain.csproj", "{3B9F55B1-459A-44B6-8058-7E3A35560DD7}"
EndProject
Project("{FAE04EC0-301F-11D3-BF4B-00C04F79EFBC}") = "AdventurePlanner.Domain.Tests", "AdventurePlanner.Domain.Tests\AdventurePlanner.Domain.Tests.csproj", "{B0C17E5B-679D-4281-9349-DA2BA977C4F8}"
EndProject
Project("{FAE04EC0-301F-11D3-BF4B-00C04F79EFBC}") = "AdventurePlanner.UI.SourceBookEditor", "AdventurePlanner.UI.SourceBookEditor\AdventurePlanner.UI.SourceBookEditor.csproj", "{47C5F382-9DF1-4217-9A42-8D773137D400}"
EndProject
Global
	GlobalSection(SolutionConfigurationPlatforms) = preSolution
		Debug|Any CPU = Debug|Any CPU
		Release|Any CPU = Release|Any CPU
	EndGlobalSection
	GlobalSection(ProjectConfigurationPlatforms) = postSolution
		{3B9F55B1-459A-44B6-8058-7E3A35560DD7}.Debug|Any CPU.ActiveCfg = Debug|Any CPU
		{3B9F55B1-459A-44B6-8058-7E3A35560DD7}.Debug|Any CPU.Build.0 = Debug|Any CPU
		{3B9F55B1-459A-44B6-8058-7E3A35560DD7}.Release|Any CPU.ActiveCfg = Release|Any CPU
		{3B9F55B1-459A-44B6-8058-7E3A35560DD7}.Release|Any CPU.Build.0 = Release|Any CPU
		{B0C17E5B-679D-4281-9349-DA2BA977C4F8}.Debug|Any CPU.ActiveCfg = Debug|Any CPU
		{B0C17E5B-679D-4281-9349-DA2BA977C4F8}.Debug|Any CPU.Build.0 = Debug|Any CPU
		{B0C17E5B-679D-4281-9349-DA2BA977C4F8}.Release|Any CPU.ActiveCfg = Release|Any CPU
		{B0C17E5B-679D-4281-9349-DA2BA977C4F8}.Release|Any CPU.Build.0 = Release|Any CPU
		{47C5F382-9DF1-4217-9A42-8D773137D400}.Debug|Any CPU.ActiveCfg = Debug|Any CPU
		{47C5F382-9DF1-4217-9A42-8D773137D400}.Debug|Any CPU.Build.0 = Debug|Any CPU
		{47C5F382-9DF1-4217-9A42-8D773137D400}.Release|Any CPU.ActiveCfg = Release|Any CPU
		{47C5F382-9DF1-4217-9A42-8D773137D400}.Release|Any CPU.Build.0 = Release|Any CPU
	EndGlobalSection
	GlobalSection(SolutionProperties) = preSolution
		HideSolutionNode = FALSE
	EndGlobalSection
EndGlobal
